
Microsoft Visual Studio Solution File, Format Version 12.00
# Visual Studio Version 17
VisualStudioVersion = 17.4.33205.214
MinimumVisualStudioVersion = 10.0.40219.1
Project("{FAE04EC0-301F-11D3-BF4B-00C04F79EFBC}") = "ExamWpf", "ExamWpf\ExamWpf.csproj", "{629FD48A-1859-4D20-9721-6EDE381C1BDA}"
EndProject
Global
	GlobalSection(SolutionConfigurationPlatforms) = preSolution
		Debug|Any CPU = Debug|Any CPU
		Release|Any CPU = Release|Any CPU
	EndGlobalSection
	GlobalSection(ProjectConfigurationPlatforms) = postSolution
		{629FD48A-1859-4D20-9721-6EDE381C1BDA}.Debug|Any CPU.ActiveCfg = Debug|Any CPU
		{629FD48A-1859-4D20-9721-6EDE381C1BDA}.Debug|Any CPU.Build.0 = Debug|Any CPU
		{629FD48A-1859-4D20-9721-6EDE381C1BDA}.Release|Any CPU.ActiveCfg = Release|Any CPU
		{629FD48A-1859-4D20-9721-6EDE381C1BDA}.Release|Any CPU.Build.0 = Release|Any CPU
	EndGlobalSection
	GlobalSection(SolutionProperties) = preSolution
		HideSolutionNode = FALSE
	EndGlobalSection
	GlobalSection(ExtensibilityGlobals) = postSolution
		SolutionGuid = {79CF49D7-CEE8-47AB-8067-04D8EE00BF5B}
	EndGlobalSection
EndGlobal
